
Microsoft Visual Studio Solution File, Format Version 12.00
# Visual Studio Version 17
VisualStudioVersion = 17.0.32112.339
MinimumVisualStudioVersion = 10.0.40219.1
Project("{FAE04EC0-301F-11D3-BF4B-00C04F79EFBC}") = "Graphic_App", "Graphic_App\Graphic_App.csproj", "{1410DB18-8FF0-47B1-89C9-AC058552C027}"
EndProject
Global
	GlobalSection(SolutionConfigurationPlatforms) = preSolution
		Debug|Any CPU = Debug|Any CPU
		Release|Any CPU = Release|Any CPU
	EndGlobalSection
	GlobalSection(ProjectConfigurationPlatforms) = postSolution
		{1410DB18-8FF0-47B1-89C9-AC058552C027}.Debug|Any CPU.ActiveCfg = Debug|Any CPU
		{1410DB18-8FF0-47B1-89C9-AC058552C027}.Debug|Any CPU.Build.0 = Debug|Any CPU
		{1410DB18-8FF0-47B1-89C9-AC058552C027}.Debug|Any CPU.Deploy.0 = Debug|Any CPU
		{1410DB18-8FF0-47B1-89C9-AC058552C027}.Release|Any CPU.ActiveCfg = Release|Any CPU
		{1410DB18-8FF0-47B1-89C9-AC058552C027}.Release|Any CPU.Build.0 = Release|Any CPU
		{1410DB18-8FF0-47B1-89C9-AC058552C027}.Release|Any CPU.Deploy.0 = Release|Any CPU
	EndGlobalSection
	GlobalSection(SolutionProperties) = preSolution
		HideSolutionNode = FALSE
	EndGlobalSection
	GlobalSection(ExtensibilityGlobals) = postSolution
		SolutionGuid = {F5C395DF-FCDA-470C-8FE9-FCD24D8252AF}
	EndGlobalSection
EndGlobal
